// !$*UTF8*$!
{
	archiveVersion = 1;
	classes = {
	};
	objectVersion = 55;
	objects = {

/* Begin PBXBuildFile section */
		918E68F32A2A4204006B8771 /* AppDelegate.swift in Sources */ = {isa = PBXBuildFile; fileRef = 918E68F22A2A4204006B8771 /* AppDelegate.swift */; };
		918E68F52A2A4204006B8771 /* SceneDelegate.swift in Sources */ = {isa = PBXBuildFile; fileRef = 918E68F42A2A4204006B8771 /* SceneDelegate.swift */; };
		918E68F72A2A4204006B8771 /* ViewController.swift in Sources */ = {isa = PBXBuildFile; fileRef = 918E68F62A2A4204006B8771 /* ViewController.swift */; };
		918E68FA2A2A4204006B8771 /* Main.storyboard in Resources */ = {isa = PBXBuildFile; fileRef = 918E68F82A2A4204006B8771 /* Main.storyboard */; };
		918E68FC2A2A4206006B8771 /* Assets.xcassets in Resources */ = {isa = PBXBuildFile; fileRef = 918E68FB2A2A4206006B8771 /* Assets.xcassets */; };
		918E68FF2A2A4206006B8771 /* LaunchScreen.storyboard in Resources */ = {isa = PBXBuildFile; fileRef = 918E68FD2A2A4206006B8771 /* LaunchScreen.storyboard */; };
		918E690A2A2A4206006B8771 /* BubblePopupTests.swift in Sources */ = {isa = PBXBuildFile; fileRef = 918E69092A2A4206006B8771 /* BubblePopupTests.swift */; };
		918E69142A2A4206006B8771 /* BubblePopupUITests.swift in Sources */ = {isa = PBXBuildFile; fileRef = 918E69132A2A4206006B8771 /* BubblePopupUITests.swift */; };
		918E69162A2A4206006B8771 /* BubblePopupUITestsLaunchTests.swift in Sources */ = {isa = PBXBuildFile; fileRef = 918E69152A2A4206006B8771 /* BubblePopupUITestsLaunchTests.swift */; };
		918E69242A2A422F006B8771 /* BubblePopup.swift in Sources */ = {isa = PBXBuildFile; fileRef = 918E69232A2A422F006B8771 /* BubblePopup.swift */; };
		918E69262A2A423D006B8771 /* BubblePopupManager.swift in Sources */ = {isa = PBXBuildFile; fileRef = 918E69252A2A423D006B8771 /* BubblePopupManager.swift */; };
		918E69292A2B4A38006B8771 /* BubblePopup1.swift in Sources */ = {isa = PBXBuildFile; fileRef = 918E69282A2B4A38006B8771 /* BubblePopup1.swift */; };
		918E692B2A2B4A5F006B8771 /* BubblePopupBuilder.swift in Sources */ = {isa = PBXBuildFile; fileRef = 918E692A2A2B4A5F006B8771 /* BubblePopupBuilder.swift */; };
		918E692D2A2B4A9C006B8771 /* DotLineBubblePopupBuilder.swift in Sources */ = {isa = PBXBuildFile; fileRef = 918E692C2A2B4A9C006B8771 /* DotLineBubblePopupBuilder.swift */; };
		918E692F2A2B4AD2006B8771 /* TriangleBubblePopupBuilder.swift in Sources */ = {isa = PBXBuildFile; fileRef = 918E692E2A2B4AD2006B8771 /* TriangleBubblePopupBuilder.swift */; };
		918E69312A2B4B28006B8771 /* BubblePopupDirector.swift in Sources */ = {isa = PBXBuildFile; fileRef = 918E69302A2B4B28006B8771 /* BubblePopupDirector.swift */; };
		918E69332A2B4BD9006B8771 /* BubbleViewFactory.swift in Sources */ = {isa = PBXBuildFile; fileRef = 918E69322A2B4BD9006B8771 /* BubbleViewFactory.swift */; };
/* End PBXBuildFile section */

/* Begin PBXContainerItemProxy section */
		918E69062A2A4206006B8771 /* PBXContainerItemProxy */ = {
			isa = PBXContainerItemProxy;
			containerPortal = 918E68E72A2A4204006B8771 /* Project object */;
			proxyType = 1;
			remoteGlobalIDString = 918E68EE2A2A4204006B8771;
			remoteInfo = BubblePopup;
		};
		918E69102A2A4206006B8771 /* PBXContainerItemProxy */ = {
			isa = PBXContainerItemProxy;
			containerPortal = 918E68E72A2A4204006B8771 /* Project object */;
			proxyType = 1;
			remoteGlobalIDString = 918E68EE2A2A4204006B8771;
			remoteInfo = BubblePopup;
		};
/* End PBXContainerItemProxy section */

/* Begin PBXFileReference section */
		918E68EF2A2A4204006B8771 /* BubblePopup.app */ = {isa = PBXFileReference; explicitFileType = wrapper.application; includeInIndex = 0; path = BubblePopup.app; sourceTree = BUILT_PRODUCTS_DIR; };
		918E68F22A2A4204006B8771 /* AppDelegate.swift */ = {isa = PBXFileReference; lastKnownFileType = sourcecode.swift; path = AppDelegate.swift; sourceTree = "<group>"; };
		918E68F42A2A4204006B8771 /* SceneDelegate.swift */ = {isa = PBXFileReference; lastKnownFileType = sourcecode.swift; path = SceneDelegate.swift; sourceTree = "<group>"; };
		918E68F62A2A4204006B8771 /* ViewController.swift */ = {isa = PBXFileReference; lastKnownFileType = sourcecode.swift; path = ViewController.swift; sourceTree = "<group>"; };
		918E68F92A2A4204006B8771 /* Base */ = {isa = PBXFileReference; lastKnownFileType = file.storyboard; name = Base; path = Base.lproj/Main.storyboard; sourceTree = "<group>"; };
		918E68FB2A2A4206006B8771 /* Assets.xcassets */ = {isa = PBXFileReference; lastKnownFileType = folder.assetcatalog; path = Assets.xcassets; sourceTree = "<group>"; };
		918E68FE2A2A4206006B8771 /* Base */ = {isa = PBXFileReference; lastKnownFileType = file.storyboard; name = Base; path = Base.lproj/LaunchScreen.storyboard; sourceTree = "<group>"; };
		918E69002A2A4206006B8771 /* Info.plist */ = {isa = PBXFileReference; lastKnownFileType = text.plist.xml; path = Info.plist; sourceTree = "<group>"; };
		918E69052A2A4206006B8771 /* BubblePopupTests.xctest */ = {isa = PBXFileReference; explicitFileType = wrapper.cfbundle; includeInIndex = 0; path = BubblePopupTests.xctest; sourceTree = BUILT_PRODUCTS_DIR; };
		918E69092A2A4206006B8771 /* BubblePopupTests.swift */ = {isa = PBXFileReference; lastKnownFileType = sourcecode.swift; path = BubblePopupTests.swift; sourceTree = "<group>"; };
		918E690F2A2A4206006B8771 /* BubblePopupUITests.xctest */ = {isa = PBXFileReference; explicitFileType = wrapper.cfbundle; includeInIndex = 0; path = BubblePopupUITests.xctest; sourceTree = BUILT_PRODUCTS_DIR; };
		918E69132A2A4206006B8771 /* BubblePopupUITests.swift */ = {isa = PBXFileReference; lastKnownFileType = sourcecode.swift; path = BubblePopupUITests.swift; sourceTree = "<group>"; };
		918E69152A2A4206006B8771 /* BubblePopupUITestsLaunchTests.swift */ = {isa = PBXFileReference; lastKnownFileType = sourcecode.swift; path = BubblePopupUITestsLaunchTests.swift; sourceTree = "<group>"; };
		918E69232A2A422F006B8771 /* BubblePopup.swift */ = {isa = PBXFileReference; lastKnownFileType = sourcecode.swift; path = BubblePopup.swift; sourceTree = "<group>"; };
		918E69252A2A423D006B8771 /* BubblePopupManager.swift */ = {isa = PBXFileReference; lastKnownFileType = sourcecode.swift; path = BubblePopupManager.swift; sourceTree = "<group>"; };
		918E69282A2B4A38006B8771 /* BubblePopup1.swift */ = {isa = PBXFileReference; lastKnownFileType = sourcecode.swift; path = BubblePopup1.swift; sourceTree = "<group>"; };
		918E692A2A2B4A5F006B8771 /* BubblePopupBuilder.swift */ = {isa = PBXFileReference; lastKnownFileType = sourcecode.swift; path = BubblePopupBuilder.swift; sourceTree = "<group>"; };
		918E692C2A2B4A9C006B8771 /* DotLineBubblePopupBuilder.swift */ = {isa = PBXFileReference; lastKnownFileType = sourcecode.swift; path = DotLineBubblePopupBuilder.swift; sourceTree = "<group>"; };
		918E692E2A2B4AD2006B8771 /* TriangleBubblePopupBuilder.swift */ = {isa = PBXFileReference; lastKnownFileType = sourcecode.swift; path = TriangleBubblePopupBuilder.swift; sourceTree = "<group>"; };
		918E69302A2B4B28006B8771 /* BubblePopupDirector.swift */ = {isa = PBXFileReference; lastKnownFileType = sourcecode.swift; path = BubblePopupDirector.swift; sourceTree = "<group>"; };
		918E69322A2B4BD9006B8771 /* BubbleViewFactory.swift */ = {isa = PBXFileReference; lastKnownFileType = sourcecode.swift; path = BubbleViewFactory.swift; sourceTree = "<group>"; };
/* End PBXFileReference section */

/* Begin PBXFrameworksBuildPhase section */
		918E68EC2A2A4204006B8771 /* Frameworks */ = {
			isa = PBXFrameworksBuildPhase;
			buildActionMask = 2147483647;
			files = (
			);
			runOnlyForDeploymentPostprocessing = 0;
		};
		918E69022A2A4206006B8771 /* Frameworks */ = {
			isa = PBXFrameworksBuildPhase;
			buildActionMask = 2147483647;
			files = (
			);
			runOnlyForDeploymentPostprocessing = 0;
		};
		918E690C2A2A4206006B8771 /* Frameworks */ = {
			isa = PBXFrameworksBuildPhase;
			buildActionMask = 2147483647;
			files = (
			);
			runOnlyForDeploymentPostprocessing = 0;
		};
/* End PBXFrameworksBuildPhase section */

/* Begin PBXGroup section */
		918E68E62A2A4204006B8771 = {
			isa = PBXGroup;
			children = (
				918E68F12A2A4204006B8771 /* BubblePopup */,
				918E69082A2A4206006B8771 /* BubblePopupTests */,
				918E69122A2A4206006B8771 /* BubblePopupUITests */,
				918E68F02A2A4204006B8771 /* Products */,
			);
			sourceTree = "<group>";
		};
		918E68F02A2A4204006B8771 /* Products */ = {
			isa = PBXGroup;
			children = (
				918E68EF2A2A4204006B8771 /* BubblePopup.app */,
				918E69052A2A4206006B8771 /* BubblePopupTests.xctest */,
				918E690F2A2A4206006B8771 /* BubblePopupUITests.xctest */,
			);
			name = Products;
			sourceTree = "<group>";
		};
		918E68F12A2A4204006B8771 /* BubblePopup */ = {
			isa = PBXGroup;
			children = (
				918E69272A2B4A18006B8771 /* SRC0 */,
				918E69222A2A4214006B8771 /* SRC */,
				918E68F22A2A4204006B8771 /* AppDelegate.swift */,
				918E68F42A2A4204006B8771 /* SceneDelegate.swift */,
				918E68F62A2A4204006B8771 /* ViewController.swift */,
				918E68F82A2A4204006B8771 /* Main.storyboard */,
				918E68FB2A2A4206006B8771 /* Assets.xcassets */,
				918E68FD2A2A4206006B8771 /* LaunchScreen.storyboard */,
				918E69002A2A4206006B8771 /* Info.plist */,
			);
			path = BubblePopup;
			sourceTree = "<group>";
		};
		918E69082A2A4206006B8771 /* BubblePopupTests */ = {
			isa = PBXGroup;
			children = (
				918E69092A2A4206006B8771 /* BubblePopupTests.swift */,
			);
			path = BubblePopupTests;
			sourceTree = "<group>";
		};
		918E69122A2A4206006B8771 /* BubblePopupUITests */ = {
			isa = PBXGroup;
			children = (
				918E69132A2A4206006B8771 /* BubblePopupUITests.swift */,
				918E69152A2A4206006B8771 /* BubblePopupUITestsLaunchTests.swift */,
			);
			path = BubblePopupUITests;
			sourceTree = "<group>";
		};
		918E69222A2A4214006B8771 /* SRC */ = {
			isa = PBXGroup;
			children = (
				918E69232A2A422F006B8771 /* BubblePopup.swift */,
				918E69252A2A423D006B8771 /* BubblePopupManager.swift */,
			);
			path = SRC;
			sourceTree = "<group>";
		};
		918E69272A2B4A18006B8771 /* SRC0 */ = {
			isa = PBXGroup;
			children = (
				918E69282A2B4A38006B8771 /* BubblePopup1.swift */,
				918E692A2A2B4A5F006B8771 /* BubblePopupBuilder.swift */,
				918E692C2A2B4A9C006B8771 /* DotLineBubblePopupBuilder.swift */,
				918E692E2A2B4AD2006B8771 /* TriangleBubblePopupBuilder.swift */,
				918E69302A2B4B28006B8771 /* BubblePopupDirector.swift */,
				918E69322A2B4BD9006B8771 /* BubbleViewFactory.swift */,
			);
			path = SRC0;
			sourceTree = "<group>";
		};
/* End PBXGroup section */

/* Begin PBXNativeTarget section */
		918E68EE2A2A4204006B8771 /* BubblePopup */ = {
			isa = PBXNativeTarget;
			buildConfigurationList = 918E69192A2A4206006B8771 /* Build configuration list for PBXNativeTarget "BubblePopup" */;
			buildPhases = (
				918E68EB2A2A4204006B8771 /* Sources */,
				918E68EC2A2A4204006B8771 /* Frameworks */,
				918E68ED2A2A4204006B8771 /* Resources */,
			);
			buildRules = (
			);
			dependencies = (
			);
			name = BubblePopup;
			productName = BubblePopup;
			productReference = 918E68EF2A2A4204006B8771 /* BubblePopup.app */;
			productType = "com.apple.product-type.application";
		};
		918E69042A2A4206006B8771 /* BubblePopupTests */ = {
			isa = PBXNativeTarget;
			buildConfigurationList = 918E691C2A2A4206006B8771 /* Build configuration list for PBXNativeTarget "BubblePopupTests" */;
			buildPhases = (
				918E69012A2A4206006B8771 /* Sources */,
				918E69022A2A4206006B8771 /* Frameworks */,
				918E69032A2A4206006B8771 /* Resources */,
			);
			buildRules = (
			);
			dependencies = (
				918E69072A2A4206006B8771 /* PBXTargetDependency */,
			);
			name = BubblePopupTests;
			productName = BubblePopupTests;
			productReference = 918E69052A2A4206006B8771 /* BubblePopupTests.xctest */;
			productType = "com.apple.product-type.bundle.unit-test";
		};
		918E690E2A2A4206006B8771 /* BubblePopupUITests */ = {
			isa = PBXNativeTarget;
			buildConfigurationList = 918E691F2A2A4206006B8771 /* Build configuration list for PBXNativeTarget "BubblePopupUITests" */;
			buildPhases = (
				918E690B2A2A4206006B8771 /* Sources */,
				918E690C2A2A4206006B8771 /* Frameworks */,
				918E690D2A2A4206006B8771 /* Resources */,
			);
			buildRules = (
			);
			dependencies = (
				918E69112A2A4206006B8771 /* PBXTargetDependency */,
			);
			name = BubblePopupUITests;
			productName = BubblePopupUITests;
			productReference = 918E690F2A2A4206006B8771 /* BubblePopupUITests.xctest */;
			productType = "com.apple.product-type.bundle.ui-testing";
		};
/* End PBXNativeTarget section */

/* Begin PBXProject section */
		918E68E72A2A4204006B8771 /* Project object */ = {
			isa = PBXProject;
			attributes = {
				BuildIndependentTargetsInParallel = 1;
				LastSwiftUpdateCheck = 1320;
				LastUpgradeCheck = 1320;
				TargetAttributes = {
					918E68EE2A2A4204006B8771 = {
						CreatedOnToolsVersion = 13.2.1;
					};
					918E69042A2A4206006B8771 = {
						CreatedOnToolsVersion = 13.2.1;
						TestTargetID = 918E68EE2A2A4204006B8771;
					};
					918E690E2A2A4206006B8771 = {
						CreatedOnToolsVersion = 13.2.1;
						TestTargetID = 918E68EE2A2A4204006B8771;
					};
				};
			};
			buildConfigurationList = 918E68EA2A2A4204006B8771 /* Build configuration list for PBXProject "BubblePopup" */;
			compatibilityVersion = "Xcode 13.0";
			developmentRegion = en;
			hasScannedForEncodings = 0;
			knownRegions = (
				en,
				Base,
			);
			mainGroup = 918E68E62A2A4204006B8771;
			productRefGroup = 918E68F02A2A4204006B8771 /* Products */;
			projectDirPath = "";
			projectRoot = "";
			targets = (
				918E68EE2A2A4204006B8771 /* BubblePopup */,
				918E69042A2A4206006B8771 /* BubblePopupTests */,
				918E690E2A2A4206006B8771 /* BubblePopupUITests */,
			);
		};
/* End PBXProject section */

/* Begin PBXResourcesBuildPhase section */
		918E68ED2A2A4204006B8771 /* Resources */ = {
			isa = PBXResourcesBuildPhase;
			buildActionMask = 2147483647;
			files = (
				918E68FF2A2A4206006B8771 /* LaunchScreen.storyboard in Resources */,
				918E68FC2A2A4206006B8771 /* Assets.xcassets in Resources */,
				918E68FA2A2A4204006B8771 /* Main.storyboard in Resources */,
			);
			runOnlyForDeploymentPostprocessing = 0;
		};
		918E69032A2A4206006B8771 /* Resources */ = {
			isa = PBXResourcesBuildPhase;
			buildActionMask = 2147483647;
			files = (
			);
			runOnlyForDeploymentPostprocessing = 0;
		};
		918E690D2A2A4206006B8771 /* Resources */ = {
			isa = PBXResourcesBuildPhase;
			buildActionMask = 2147483647;
			files = (
			);
			runOnlyForDeploymentPostprocessing = 0;
		};
/* End PBXResourcesBuildPhase section */

/* Begin PBXSourcesBuildPhase section */
		918E68EB2A2A4204006B8771 /* Sources */ = {
			isa = PBXSourcesBuildPhase;
			buildActionMask = 2147483647;
			files = (
				918E69242A2A422F006B8771 /* BubblePopup.swift in Sources */,
				918E69262A2A423D006B8771 /* BubblePopupManager.swift in Sources */,
				918E68F72A2A4204006B8771 /* ViewController.swift in Sources */,
				918E69332A2B4BD9006B8771 /* BubbleViewFactory.swift in Sources */,
				918E68F32A2A4204006B8771 /* AppDelegate.swift in Sources */,
				918E692B2A2B4A5F006B8771 /* BubblePopupBuilder.swift in Sources */,
				918E69292A2B4A38006B8771 /* BubblePopup1.swift in Sources */,
				918E69312A2B4B28006B8771 /* BubblePopupDirector.swift in Sources */,
				918E692F2A2B4AD2006B8771 /* TriangleBubblePopupBuilder.swift in Sources */,
				918E68F52A2A4204006B8771 /* SceneDelegate.swift in Sources */,
				918E692D2A2B4A9C006B8771 /* DotLineBubblePopupBuilder.swift in Sources */,
			);
			runOnlyForDeploymentPostprocessing = 0;
		};
		918E69012A2A4206006B8771 /* Sources */ = {
			isa = PBXSourcesBuildPhase;
			buildActionMask = 2147483647;
			files = (
				918E690A2A2A4206006B8771 /* BubblePopupTests.swift in Sources */,
			);
			runOnlyForDeploymentPostprocessing = 0;
		};
		918E690B2A2A4206006B8771 /* Sources */ = {
			isa = PBXSourcesBuildPhase;
			buildActionMask = 2147483647;
			files = (
				918E69142A2A4206006B8771 /* BubblePopupUITests.swift in Sources */,
				918E69162A2A4206006B8771 /* BubblePopupUITestsLaunchTests.swift in Sources */,
			);
			runOnlyForDeploymentPostprocessing = 0;
		};
/* End PBXSourcesBuildPhase section */

/* Begin PBXTargetDependency section */
		918E69072A2A4206006B8771 /* PBXTargetDependency */ = {
			isa = PBXTargetDependency;
			target = 918E68EE2A2A4204006B8771 /* BubblePopup */;
			targetProxy = 918E69062A2A4206006B8771 /* PBXContainerItemProxy */;
		};
		918E69112A2A4206006B8771 /* PBXTargetDependency */ = {
			isa = PBXTargetDependency;
			target = 918E68EE2A2A4204006B8771 /* BubblePopup */;
			targetProxy = 918E69102A2A4206006B8771 /* PBXContainerItemProxy */;
		};
/* End PBXTargetDependency section */

/* Begin PBXVariantGroup section */
		918E68F82A2A4204006B8771 /* Main.storyboard */ = {
			isa = PBXVariantGroup;
			children = (
				918E68F92A2A4204006B8771 /* Base */,
			);
			name = Main.storyboard;
			sourceTree = "<group>";
		};
		918E68FD2A2A4206006B8771 /* LaunchScreen.storyboard */ = {
			isa = PBXVariantGroup;
			children = (
				918E68FE2A2A4206006B8771 /* Base */,
			);
			name = LaunchScreen.storyboard;
			sourceTree = "<group>";
		};
/* End PBXVariantGroup section */

/* Begin XCBuildConfiguration section */
		918E69172A2A4206006B8771 /* Debug */ = {
			isa = XCBuildConfiguration;
			buildSettings = {
				ALWAYS_SEARCH_USER_PATHS = NO;
				CLANG_ANALYZER_NONNULL = YES;
				CLANG_ANALYZER_NUMBER_OBJECT_CONVERSION = YES_AGGRESSIVE;
				CLANG_CXX_LANGUAGE_STANDARD = "gnu++17";
				CLANG_CXX_LIBRARY = "libc++";
				CLANG_ENABLE_MODULES = YES;
				CLANG_ENABLE_OBJC_ARC = YES;
				CLANG_ENABLE_OBJC_WEAK = YES;
				CLANG_WARN_BLOCK_CAPTURE_AUTORELEASING = YES;
				CLANG_WARN_BOOL_CONVERSION = YES;
				CLANG_WARN_COMMA = YES;
				CLANG_WARN_CONSTANT_CONVERSION = YES;
				CLANG_WARN_DEPRECATED_OBJC_IMPLEMENTATIONS = YES;
				CLANG_WARN_DIRECT_OBJC_ISA_USAGE = YES_ERROR;
				CLANG_WARN_DOCUMENTATION_COMMENTS = YES;
				CLANG_WARN_EMPTY_BODY = YES;
				CLANG_WARN_ENUM_CONVERSION = YES;
				CLANG_WARN_INFINITE_RECURSION = YES;
				CLANG_WARN_INT_CONVERSION = YES;
				CLANG_WARN_NON_LITERAL_NULL_CONVERSION = YES;
				CLANG_WARN_OBJC_IMPLICIT_RETAIN_SELF = YES;
				CLANG_WARN_OBJC_LITERAL_CONVERSION = YES;
				CLANG_WARN_OBJC_ROOT_CLASS = YES_ERROR;
				CLANG_WARN_QUOTED_INCLUDE_IN_FRAMEWORK_HEADER = YES;
				CLANG_WARN_RANGE_LOOP_ANALYSIS = YES;
				CLANG_WARN_STRICT_PROTOTYPES = YES;
				CLANG_WARN_SUSPICIOUS_MOVE = YES;
				CLANG_WARN_UNGUARDED_AVAILABILITY = YES_AGGRESSIVE;
				CLANG_WARN_UNREACHABLE_CODE = YES;
				CLANG_WARN__DUPLICATE_METHOD_MATCH = YES;
				COPY_PHASE_STRIP = NO;
				DEBUG_INFORMATION_FORMAT = dwarf;
				ENABLE_STRICT_OBJC_MSGSEND = YES;
				ENABLE_TESTABILITY = YES;
				GCC_C_LANGUAGE_STANDARD = gnu11;
				GCC_DYNAMIC_NO_PIC = NO;
				GCC_NO_COMMON_BLOCKS = YES;
				GCC_OPTIMIZATION_LEVEL = 0;
				GCC_PREPROCESSOR_DEFINITIONS = (
					"DEBUG=1",
					"$(inherited)",
				);
				GCC_WARN_64_TO_32_BIT_CONVERSION = YES;
				GCC_WARN_ABOUT_RETURN_TYPE = YES_ERROR;
				GCC_WARN_UNDECLARED_SELECTOR = YES;
				GCC_WARN_UNINITIALIZED_AUTOS = YES_AGGRESSIVE;
				GCC_WARN_UNUSED_FUNCTION = YES;
				GCC_WARN_UNUSED_VARIABLE = YES;
				IPHONEOS_DEPLOYMENT_TARGET = 13.0;
				MTL_ENABLE_DEBUG_INFO = INCLUDE_SOURCE;
				MTL_FAST_MATH = YES;
				ONLY_ACTIVE_ARCH = YES;
				SDKROOT = iphoneos;
				SWIFT_ACTIVE_COMPILATION_CONDITIONS = DEBUG;
				SWIFT_OPTIMIZATION_LEVEL = "-Onone";
			};
			name = Debug;
		};
		918E69182A2A4206006B8771 /* Release */ = {
			isa = XCBuildConfiguration;
			buildSettings = {
				ALWAYS_SEARCH_USER_PATHS = NO;
				CLANG_ANALYZER_NONNULL = YES;
				CLANG_ANALYZER_NUMBER_OBJECT_CONVERSION = YES_AGGRESSIVE;
				CLANG_CXX_LANGUAGE_STANDARD = "gnu++17";
				CLANG_CXX_LIBRARY = "libc++";
				CLANG_ENABLE_MODULES = YES;
				CLANG_ENABLE_OBJC_ARC = YES;
				CLANG_ENABLE_OBJC_WEAK = YES;
				CLANG_WARN_BLOCK_CAPTURE_AUTORELEASING = YES;
				CLANG_WARN_BOOL_CONVERSION = YES;
				CLANG_WARN_COMMA = YES;
				CLANG_WARN_CONSTANT_CONVERSION = YES;
				CLANG_WARN_DEPRECATED_OBJC_IMPLEMENTATIONS = YES;
				CLANG_WARN_DIRECT_OBJC_ISA_USAGE = YES_ERROR;
				CLANG_WARN_DOCUMENTATION_COMMENTS = YES;
				CLANG_WARN_EMPTY_BODY = YES;
				CLANG_WARN_ENUM_CONVERSION = YES;
				CLANG_WARN_INFINITE_RECURSION = YES;
				CLANG_WARN_INT_CONVERSION = YES;
				CLANG_WARN_NON_LITERAL_NULL_CONVERSION = YES;
				CLANG_WARN_OBJC_IMPLICIT_RETAIN_SELF = YES;
				CLANG_WARN_OBJC_LITERAL_CONVERSION = YES;
				CLANG_WARN_OBJC_ROOT_CLASS = YES_ERROR;
				CLANG_WARN_QUOTED_INCLUDE_IN_FRAMEWORK_HEADER = YES;
				CLANG_WARN_RANGE_LOOP_ANALYSIS = YES;
				CLANG_WARN_STRICT_PROTOTYPES = YES;
				CLANG_WARN_SUSPICIOUS_MOVE = YES;
				CLANG_WARN_UNGUARDED_AVAILABILITY = YES_AGGRESSIVE;
				CLANG_WARN_UNREACHABLE_CODE = YES;
				CLANG_WARN__DUPLICATE_METHOD_MATCH = YES;
				COPY_PHASE_STRIP = NO;
				DEBUG_INFORMATION_FORMAT = "dwarf-with-dsym";
				ENABLE_NS_ASSERTIONS = NO;
				ENABLE_STRICT_OBJC_MSGSEND = YES;
				GCC_C_LANGUAGE_STANDARD = gnu11;
				GCC_NO_COMMON_BLOCKS = YES;
				GCC_WARN_64_TO_32_BIT_CONVERSION = YES;
				GCC_WARN_ABOUT_RETURN_TYPE = YES_ERROR;
				GCC_WARN_UNDECLARED_SELECTOR = YES;
				GCC_WARN_UNINITIALIZED_AUTOS = YES_AGGRESSIVE;
				GCC_WARN_UNUSED_FUNCTION = YES;
				GCC_WARN_UNUSED_VARIABLE = YES;
				IPHONEOS_DEPLOYMENT_TARGET = 13.0;
				MTL_ENABLE_DEBUG_INFO = NO;
				MTL_FAST_MATH = YES;
				SDKROOT = iphoneos;
				SWIFT_COMPILATION_MODE = wholemodule;
				SWIFT_OPTIMIZATION_LEVEL = "-O";
				VALIDATE_PRODUCT = YES;
			};
			name = Release;
		};
		918E691A2A2A4206006B8771 /* Debug */ = {
			isa = XCBuildConfiguration;
			buildSettings = {
				ASSETCATALOG_COMPILER_APPICON_NAME = AppIcon;
				ASSETCATALOG_COMPILER_GLOBAL_ACCENT_COLOR_NAME = AccentColor;
				CODE_SIGN_STYLE = Automatic;
				CURRENT_PROJECT_VERSION = 1;
				DEVELOPMENT_TEAM = C7UNH8293N;
				GENERATE_INFOPLIST_FILE = YES;
				INFOPLIST_FILE = BubblePopup/Info.plist;
				INFOPLIST_KEY_UIApplicationSupportsIndirectInputEvents = YES;
				INFOPLIST_KEY_UILaunchStoryboardName = LaunchScreen;
				INFOPLIST_KEY_UIMainStoryboardFile = Main;
				INFOPLIST_KEY_UISupportedInterfaceOrientations_iPad = "UIInterfaceOrientationPortrait UIInterfaceOrientationPortraitUpsideDown UIInterfaceOrientationLandscapeLeft UIInterfaceOrientationLandscapeRight";
				INFOPLIST_KEY_UISupportedInterfaceOrientations_iPhone = "UIInterfaceOrientationPortrait UIInterfaceOrientationLandscapeLeft UIInterfaceOrientationLandscapeRight";
				LD_RUNPATH_SEARCH_PATHS = (
					"$(inherited)",
					"@executable_path/Frameworks",
				);
				MARKETING_VERSION = 1.0;
				PRODUCT_BUNDLE_IDENTIFIER = zhf.BubblePopup;
				PRODUCT_NAME = "$(TARGET_NAME)";
				SWIFT_EMIT_LOC_STRINGS = YES;
				SWIFT_VERSION = 5.0;
				TARGETED_DEVICE_FAMILY = "1,2";
			};
			name = Debug;
		};
		918E691B2A2A4206006B8771 /* Release */ = {
			isa = XCBuildConfiguration;
			buildSettings = {
				ASSETCATALOG_COMPILER_APPICON_NAME = AppIcon;
				ASSETCATALOG_COMPILER_GLOBAL_ACCENT_COLOR_NAME = AccentColor;
				CODE_SIGN_STYLE = Automatic;
				CURRENT_PROJECT_VERSION = 1;
				DEVELOPMENT_TEAM = C7UNH8293N;
				GENERATE_INFOPLIST_FILE = YES;
				INFOPLIST_FILE = BubblePopup/Info.plist;
				INFOPLIST_KEY_UIApplicationSupportsIndirectInputEvents = YES;
				INFOPLIST_KEY_UILaunchStoryboardName = LaunchScreen;
				INFOPLIST_KEY_UIMainStoryboardFile = Main;
				INFOPLIST_KEY_UISupportedInterfaceOrientations_iPad = "UIInterfaceOrientationPortrait UIInterfaceOrientationPortraitUpsideDown UIInterfaceOrientationLandscapeLeft UIInterfaceOrientationLandscapeRight";
				INFOPLIST_KEY_UISupportedInterfaceOrientations_iPhone = "UIInterfaceOrientationPortrait UIInterfaceOrientationLandscapeLeft UIInterfaceOrientationLandscapeRight";
				LD_RUNPATH_SEARCH_PATHS = (
					"$(inherited)",
					"@executable_path/Frameworks",
				);
				MARKETING_VERSION = 1.0;
				PRODUCT_BUNDLE_IDENTIFIER = zhf.BubblePopup;
				PRODUCT_NAME = "$(TARGET_NAME)";
				SWIFT_EMIT_LOC_STRINGS = YES;
				SWIFT_VERSION = 5.0;
				TARGETED_DEVICE_FAMILY = "1,2";
			};
			name = Release;
		};
		918E691D2A2A4206006B8771 /* Debug */ = {
			isa = XCBuildConfiguration;
			buildSettings = {
				ALWAYS_EMBED_SWIFT_STANDARD_LIBRARIES = YES;
				BUNDLE_LOADER = "$(TEST_HOST)";
				CODE_SIGN_STYLE = Automatic;
				CURRENT_PROJECT_VERSION = 1;
				GENERATE_INFOPLIST_FILE = YES;
				IPHONEOS_DEPLOYMENT_TARGET = 15.2;
				MARKETING_VERSION = 1.0;
				PRODUCT_BUNDLE_IDENTIFIER = zhf.BubblePopupTests;
				PRODUCT_NAME = "$(TARGET_NAME)";
				SWIFT_EMIT_LOC_STRINGS = NO;
				SWIFT_VERSION = 5.0;
				TARGETED_DEVICE_FAMILY = "1,2";
				TEST_HOST = "$(BUILT_PRODUCTS_DIR)/BubblePopup.app/BubblePopup";
			};
			name = Debug;
		};
		918E691E2A2A4206006B8771 /* Release */ = {
			isa = XCBuildConfiguration;
			buildSettings = {
				ALWAYS_EMBED_SWIFT_STANDARD_LIBRARIES = YES;
				BUNDLE_LOADER = "$(TEST_HOST)";
				CODE_SIGN_STYLE = Automatic;
				CURRENT_PROJECT_VERSION = 1;
				GENERATE_INFOPLIST_FILE = YES;
				IPHONEOS_DEPLOYMENT_TARGET = 15.2;
				MARKETING_VERSION = 1.0;
				PRODUCT_BUNDLE_IDENTIFIER = zhf.BubblePopupTests;
				PRODUCT_NAME = "$(TARGET_NAME)";
				SWIFT_EMIT_LOC_STRINGS = NO;
				SWIFT_VERSION = 5.0;
				TARGETED_DEVICE_FAMILY = "1,2";
				TEST_HOST = "$(BUILT_PRODUCTS_DIR)/BubblePopup.app/BubblePopup";
			};
			name = Release;
		};
		918E69202A2A4206006B8771 /* Debug */ = {
			isa = XCBuildConfiguration;
			buildSettings = {
				ALWAYS_EMBED_SWIFT_STANDARD_LIBRARIES = YES;
				CODE_SIGN_STYLE = Automatic;
				CURRENT_PROJECT_VERSION = 1;
				GENERATE_INFOPLIST_FILE = YES;
				MARKETING_VERSION = 1.0;
				PRODUCT_BUNDLE_IDENTIFIER = zhf.BubblePopupUITests;
				PRODUCT_NAME = "$(TARGET_NAME)";
				SWIFT_EMIT_LOC_STRINGS = NO;
				SWIFT_VERSION = 5.0;
				TARGETED_DEVICE_FAMILY = "1,2";
				TEST_TARGET_NAME = BubblePopup;
			};
			name = Debug;
		};
		918E69212A2A4206006B8771 /* Release */ = {
			isa = XCBuildConfiguration;
			buildSettings = {
				ALWAYS_EMBED_SWIFT_STANDARD_LIBRARIES = YES;
				CODE_SIGN_STYLE = Automatic;
				CURRENT_PROJECT_VERSION = 1;
				GENERATE_INFOPLIST_FILE = YES;
				MARKETING_VERSION = 1.0;
				PRODUCT_BUNDLE_IDENTIFIER = zhf.BubblePopupUITests;
				PRODUCT_NAME = "$(TARGET_NAME)";
				SWIFT_EMIT_LOC_STRINGS = NO;
				SWIFT_VERSION = 5.0;
				TARGETED_DEVICE_FAMILY = "1,2";
				TEST_TARGET_NAME = BubblePopup;
			};
			name = Release;
		};
/* End XCBuildConfiguration section */

/* Begin XCConfigurationList section */
		918E68EA2A2A4204006B8771 /* Build configuration list for PBXProject "BubblePopup" */ = {
			isa = XCConfigurationList;
			buildConfigurations = (
				918E69172A2A4206006B8771 /* Debug */,
				918E69182A2A4206006B8771 /* Release */,
			);
			defaultConfigurationIsVisible = 0;
			defaultConfigurationName = Release;
		};
		918E69192A2A4206006B8771 /* Build configuration list for PBXNativeTarget "BubblePopup" */ = {
			isa = XCConfigurationList;
			buildConfigurations = (
				918E691A2A2A4206006B8771 /* Debug */,
				918E691B2A2A4206006B8771 /* Release */,
			);
			defaultConfigurationIsVisible = 0;
			defaultConfigurationName = Release;
		};
		918E691C2A2A4206006B8771 /* Build configuration list for PBXNativeTarget "BubblePopupTests" */ = {
			isa = XCConfigurationList;
			buildConfigurations = (
				918E691D2A2A4206006B8771 /* Debug */,
				918E691E2A2A4206006B8771 /* Release */,
			);
			defaultConfigurationIsVisible = 0;
			defaultConfigurationName = Release;
		};
		918E691F2A2A4206006B8771 /* Build configuration list for PBXNativeTarget "BubblePopupUITests" */ = {
			isa = XCConfigurationList;
			buildConfigurations = (
				918E69202A2A4206006B8771 /* Debug */,
				918E69212A2A4206006B8771 /* Release */,
			);
			defaultConfigurationIsVisible = 0;
			defaultConfigurationName = Release;
		};
/* End XCConfigurationList section */
	};
	rootObject = 918E68E72A2A4204006B8771 /* Project object */;
}
